
Microsoft Visual Studio Solution File, Format Version 12.00
# Visual Studio Version 17
VisualStudioVersion = 17.9.34728.123
MinimumVisualStudioVersion = 10.0.40219.1
Project("{54A90642-561A-4BB1-A94E-469ADEE60C69}") = "NodeConsoleApp2", "NodeConsoleApp2\NodeConsoleApp2.esproj", "{145C35F5-B579-443B-BF66-E249E289808A}"
EndProject
Global
	GlobalSection(SolutionConfigurationPlatforms) = preSolution
		Debug|Any CPU = Debug|Any CPU
		Release|Any CPU = Release|Any CPU
	EndGlobalSection
	GlobalSection(ProjectConfigurationPlatforms) = postSolution
		{145C35F5-B579-443B-BF66-E249E289808A}.Debug|Any CPU.ActiveCfg = Debug|Any CPU
		{145C35F5-B579-443B-BF66-E249E289808A}.Debug|Any CPU.Build.0 = Debug|Any CPU
		{145C35F5-B579-443B-BF66-E249E289808A}.Debug|Any CPU.Deploy.0 = Debug|Any CPU
		{145C35F5-B579-443B-BF66-E249E289808A}.Release|Any CPU.ActiveCfg = Release|Any CPU
		{145C35F5-B579-443B-BF66-E249E289808A}.Release|Any CPU.Build.0 = Release|Any CPU
		{145C35F5-B579-443B-BF66-E249E289808A}.Release|Any CPU.Deploy.0 = Release|Any CPU
	EndGlobalSection
	GlobalSection(SolutionProperties) = preSolution
		HideSolutionNode = FALSE
	EndGlobalSection
	GlobalSection(ExtensibilityGlobals) = postSolution
		SolutionGuid = {9E210ED6-5B36-4346-A8B7-2CB1DB2E09B5}
	EndGlobalSection
EndGlobal
